// !$*UTF8*$!
{
	archiveVersion = 1;
	classes = {
	};
	objectVersion = 50;
	objects = {

/* Begin PBXBuildFile section */
		461C417E2439387D00DDB467 /* AppDelegate.swift in Sources */ = {isa = PBXBuildFile; fileRef = 461C417D2439387D00DDB467 /* AppDelegate.swift */; };
		461C41802439387D00DDB467 /* SceneDelegate.swift in Sources */ = {isa = PBXBuildFile; fileRef = 461C417F2439387D00DDB467 /* SceneDelegate.swift */; };
		461C41822439387D00DDB467 /* MemeViewController.swift in Sources */ = {isa = PBXBuildFile; fileRef = 461C41812439387D00DDB467 /* MemeViewController.swift */; };
		461C41852439387D00DDB467 /* Main.storyboard in Resources */ = {isa = PBXBuildFile; fileRef = 461C41832439387D00DDB467 /* Main.storyboard */; };
		461C41872439387E00DDB467 /* Assets.xcassets in Resources */ = {isa = PBXBuildFile; fileRef = 461C41862439387E00DDB467 /* Assets.xcassets */; };
		461C418A2439387E00DDB467 /* LaunchScreen.storyboard in Resources */ = {isa = PBXBuildFile; fileRef = 461C41882439387E00DDB467 /* LaunchScreen.storyboard */; };
		461C41932439503D00DDB467 /* UIImagePickerExtension.swift in Sources */ = {isa = PBXBuildFile; fileRef = 461C41922439503D00DDB467 /* UIImagePickerExtension.swift */; };
		461C4195243958D400DDB467 /* UITextFieldDelegateExtension.swift in Sources */ = {isa = PBXBuildFile; fileRef = 461C4194243958D400DDB467 /* UITextFieldDelegateExtension.swift */; };
		461C419824395D0F00DDB467 /* Impact.ttf in Resources */ = {isa = PBXBuildFile; fileRef = 461C419724395D0F00DDB467 /* Impact.ttf */; };
		461C419B24395FAF00DDB467 /* TextAttributes.swift in Sources */ = {isa = PBXBuildFile; fileRef = 461C419A24395FAF00DDB467 /* TextAttributes.swift */; };
		461C419E2439735600DDB467 /* Meme.swift in Sources */ = {isa = PBXBuildFile; fileRef = 461C419D2439735600DDB467 /* Meme.swift */; };
		461C41A02439774D00DDB467 /* UIFontPickerExtension.swift in Sources */ = {isa = PBXBuildFile; fileRef = 461C419F2439774D00DDB467 /* UIFontPickerExtension.swift */; };
/* End PBXBuildFile section */

/* Begin PBXFileReference section */
		461C417A2439387D00DDB467 /* Meme.app */ = {isa = PBXFileReference; explicitFileType = wrapper.application; includeInIndex = 0; path = Meme.app; sourceTree = BUILT_PRODUCTS_DIR; };
		461C417D2439387D00DDB467 /* AppDelegate.swift */ = {isa = PBXFileReference; lastKnownFileType = sourcecode.swift; path = AppDelegate.swift; sourceTree = "<group>"; };
		461C417F2439387D00DDB467 /* SceneDelegate.swift */ = {isa = PBXFileReference; lastKnownFileType = sourcecode.swift; path = SceneDelegate.swift; sourceTree = "<group>"; };
		461C41812439387D00DDB467 /* MemeViewController.swift */ = {isa = PBXFileReference; lastKnownFileType = sourcecode.swift; path = MemeViewController.swift; sourceTree = "<group>"; };
		461C41842439387D00DDB467 /* Base */ = {isa = PBXFileReference; lastKnownFileType = file.storyboard; name = Base; path = Base.lproj/Main.storyboard; sourceTree = "<group>"; };
		461C41862439387E00DDB467 /* Assets.xcassets */ = {isa = PBXFileReference; lastKnownFileType = folder.assetcatalog; path = Assets.xcassets; sourceTree = "<group>"; };
		461C41892439387E00DDB467 /* Base */ = {isa = PBXFileReference; lastKnownFileType = file.storyboard; name = Base; path = Base.lproj/LaunchScreen.storyboard; sourceTree = "<group>"; };
		461C418B2439387E00DDB467 /* Info.plist */ = {isa = PBXFileReference; lastKnownFileType = text.plist.xml; path = Info.plist; sourceTree = "<group>"; };
		461C41922439503D00DDB467 /* UIImagePickerExtension.swift */ = {isa = PBXFileReference; lastKnownFileType = sourcecode.swift; path = UIImagePickerExtension.swift; sourceTree = "<group>"; };
		461C4194243958D400DDB467 /* UITextFieldDelegateExtension.swift */ = {isa = PBXFileReference; lastKnownFileType = sourcecode.swift; path = UITextFieldDelegateExtension.swift; sourceTree = "<group>"; };
		461C419724395D0F00DDB467 /* Impact.ttf */ = {isa = PBXFileReference; lastKnownFileType = file; path = Impact.ttf; sourceTree = "<group>"; };
		461C419A24395FAF00DDB467 /* TextAttributes.swift */ = {isa = PBXFileReference; lastKnownFileType = sourcecode.swift; path = TextAttributes.swift; sourceTree = "<group>"; };
		461C419D2439735600DDB467 /* Meme.swift */ = {isa = PBXFileReference; lastKnownFileType = sourcecode.swift; path = Meme.swift; sourceTree = "<group>"; };
		461C419F2439774D00DDB467 /* UIFontPickerExtension.swift */ = {isa = PBXFileReference; lastKnownFileType = sourcecode.swift; path = UIFontPickerExtension.swift; sourceTree = "<group>"; };
/* End PBXFileReference section */

/* Begin PBXFrameworksBuildPhase section */
		461C41772439387D00DDB467 /* Frameworks */ = {
			isa = PBXFrameworksBuildPhase;
			buildActionMask = 2147483647;
			files = (
			);
			runOnlyForDeploymentPostprocessing = 0;
		};
/* End PBXFrameworksBuildPhase section */

/* Begin PBXGroup section */
		461C41712439387D00DDB467 = {
			isa = PBXGroup;
			children = (
				461C417C2439387D00DDB467 /* Meme */,
				461C417B2439387D00DDB467 /* Products */,
			);
			sourceTree = "<group>";
		};
		461C417B2439387D00DDB467 /* Products */ = {
			isa = PBXGroup;
			children = (
				461C417A2439387D00DDB467 /* Meme.app */,
			);
			name = Products;
			sourceTree = "<group>";
		};
		461C417C2439387D00DDB467 /* Meme */ = {
			isa = PBXGroup;
			children = (
				461C419C2439734800DDB467 /* Model */,
				461C419924395FA000DDB467 /* Constants */,
				461C419624395CF500DDB467 /* Fonts */,
				461C41912439502A00DDB467 /* Extensions */,
				461C417D2439387D00DDB467 /* AppDelegate.swift */,
				461C417F2439387D00DDB467 /* SceneDelegate.swift */,
				461C41812439387D00DDB467 /* MemeViewController.swift */,
				461C41832439387D00DDB467 /* Main.storyboard */,
				461C41862439387E00DDB467 /* Assets.xcassets */,
				461C41882439387E00DDB467 /* LaunchScreen.storyboard */,
				461C418B2439387E00DDB467 /* Info.plist */,
			);
			path = Meme;
			sourceTree = "<group>";
		};
		461C41912439502A00DDB467 /* Extensions */ = {
			isa = PBXGroup;
			children = (
				461C41922439503D00DDB467 /* UIImagePickerExtension.swift */,
				461C4194243958D400DDB467 /* UITextFieldDelegateExtension.swift */,
				461C419F2439774D00DDB467 /* UIFontPickerExtension.swift */,
			);
			path = Extensions;
			sourceTree = "<group>";
		};
		461C419624395CF500DDB467 /* Fonts */ = {
			isa = PBXGroup;
			children = (
				461C419724395D0F00DDB467 /* Impact.ttf */,
			);
			path = Fonts;
			sourceTree = "<group>";
		};
		461C419924395FA000DDB467 /* Constants */ = {
			isa = PBXGroup;
			children = (
				461C419A24395FAF00DDB467 /* TextAttributes.swift */,
			);
			path = Constants;
			sourceTree = "<group>";
		};
		461C419C2439734800DDB467 /* Model */ = {
			isa = PBXGroup;
			children = (
				461C419D2439735600DDB467 /* Meme.swift */,
			);
			path = Model;
			sourceTree = "<group>";
		};
/* End PBXGroup section */

/* Begin PBXNativeTarget section */
		461C41792439387D00DDB467 /* Meme */ = {
			isa = PBXNativeTarget;
			buildConfigurationList = 461C418E2439387E00DDB467 /* Build configuration list for PBXNativeTarget "Meme" */;
			buildPhases = (
				461C41762439387D00DDB467 /* Sources */,
				461C41772439387D00DDB467 /* Frameworks */,
				461C41782439387D00DDB467 /* Resources */,
			);
			buildRules = (
			);
			dependencies = (
			);
			name = Meme;
			productName = Meme;
			productReference = 461C417A2439387D00DDB467 /* Meme.app */;
			productType = "com.apple.product-type.application";
		};
/* End PBXNativeTarget section */

/* Begin PBXProject section */
		461C41722439387D00DDB467 /* Project object */ = {
			isa = PBXProject;
			attributes = {
				LastSwiftUpdateCheck = 1140;
				LastUpgradeCheck = 1140;
				ORGANIZATIONNAME = "Nyan Lin Tun";
				TargetAttributes = {
					461C41792439387D00DDB467 = {
						CreatedOnToolsVersion = 11.4;
					};
				};
			};
			buildConfigurationList = 461C41752439387D00DDB467 /* Build configuration list for PBXProject "Meme" */;
			compatibilityVersion = "Xcode 9.3";
			developmentRegion = en;
			hasScannedForEncodings = 0;
			knownRegions = (
				en,
				Base,
			);
			mainGroup = 461C41712439387D00DDB467;
			productRefGroup = 461C417B2439387D00DDB467 /* Products */;
			projectDirPath = "";
			projectRoot = "";
			targets = (
				461C41792439387D00DDB467 /* Meme */,
			);
		};
/* End PBXProject section */

/* Begin PBXResourcesBuildPhase section */
		461C41782439387D00DDB467 /* Resources */ = {
			isa = PBXResourcesBuildPhase;
			buildActionMask = 2147483647;
			files = (
				461C419824395D0F00DDB467 /* Impact.ttf in Resources */,
				461C418A2439387E00DDB467 /* LaunchScreen.storyboard in Resources */,
				461C41872439387E00DDB467 /* Assets.xcassets in Resources */,
				461C41852439387D00DDB467 /* Main.storyboard in Resources */,
			);
			runOnlyForDeploymentPostprocessing = 0;
		};
/* End PBXResourcesBuildPhase section */

/* Begin PBXSourcesBuildPhase section */
		461C41762439387D00DDB467 /* Sources */ = {
			isa = PBXSourcesBuildPhase;
			buildActionMask = 2147483647;
			files = (
				461C4195243958D400DDB467 /* UITextFieldDelegateExtension.swift in Sources */,
				461C41822439387D00DDB467 /* MemeViewController.swift in Sources */,
				461C419E2439735600DDB467 /* Meme.swift in Sources */,
				461C417E2439387D00DDB467 /* AppDelegate.swift in Sources */,
				461C41802439387D00DDB467 /* SceneDelegate.swift in Sources */,
				461C41932439503D00DDB467 /* UIImagePickerExtension.swift in Sources */,
				461C41A02439774D00DDB467 /* UIFontPickerExtension.swift in Sources */,
				461C419B24395FAF00DDB467 /* TextAttributes.swift in Sources */,
			);
			runOnlyForDeploymentPostprocessing = 0;
		};
/* End PBXSourcesBuildPhase section */

/* Begin PBXVariantGroup section */
		461C41832439387D00DDB467 /* Main.storyboard */ = {
			isa = PBXVariantGroup;
			children = (
				461C41842439387D00DDB467 /* Base */,
			);
			name = Main.storyboard;
			sourceTree = "<group>";
		};
		461C41882439387E00DDB467 /* LaunchScreen.storyboard */ = {
			isa = PBXVariantGroup;
			children = (
				461C41892439387E00DDB467 /* Base */,
			);
			name = LaunchScreen.storyboard;
			sourceTree = "<group>";
		};
/* End PBXVariantGroup section */

/* Begin XCBuildConfiguration section */
		461C418C2439387E00DDB467 /* Debug */ = {
			isa = XCBuildConfiguration;
			buildSettings = {
				ALWAYS_SEARCH_USER_PATHS = NO;
				CLANG_ANALYZER_NONNULL = YES;
				CLANG_ANALYZER_NUMBER_OBJECT_CONVERSION = YES_AGGRESSIVE;
				CLANG_CXX_LANGUAGE_STANDARD = "gnu++14";
				CLANG_CXX_LIBRARY = "libc++";
				CLANG_ENABLE_MODULES = YES;
				CLANG_ENABLE_OBJC_ARC = YES;
				CLANG_ENABLE_OBJC_WEAK = YES;
				CLANG_WARN_BLOCK_CAPTURE_AUTORELEASING = YES;
				CLANG_WARN_BOOL_CONVERSION = YES;
				CLANG_WARN_COMMA = YES;
				CLANG_WARN_CONSTANT_CONVERSION = YES;
				CLANG_WARN_DEPRECATED_OBJC_IMPLEMENTATIONS = YES;
				CLANG_WARN_DIRECT_OBJC_ISA_USAGE = YES_ERROR;
				CLANG_WARN_DOCUMENTATION_COMMENTS = YES;
				CLANG_WARN_EMPTY_BODY = YES;
				CLANG_WARN_ENUM_CONVERSION = YES;
				CLANG_WARN_INFINITE_RECURSION = YES;
				CLANG_WARN_INT_CONVERSION = YES;
				CLANG_WARN_NON_LITERAL_NULL_CONVERSION = YES;
				CLANG_WARN_OBJC_IMPLICIT_RETAIN_SELF = YES;
				CLANG_WARN_OBJC_LITERAL_CONVERSION = YES;
				CLANG_WARN_OBJC_ROOT_CLASS = YES_ERROR;
				CLANG_WARN_RANGE_LOOP_ANALYSIS = YES;
				CLANG_WARN_STRICT_PROTOTYPES = YES;
				CLANG_WARN_SUSPICIOUS_MOVE = YES;
				CLANG_WARN_UNGUARDED_AVAILABILITY = YES_AGGRESSIVE;
				CLANG_WARN_UNREACHABLE_CODE = YES;
				CLANG_WARN__DUPLICATE_METHOD_MATCH = YES;
				COPY_PHASE_STRIP = NO;
				DEBUG_INFORMATION_FORMAT = dwarf;
				ENABLE_STRICT_OBJC_MSGSEND = YES;
				ENABLE_TESTABILITY = YES;
				GCC_C_LANGUAGE_STANDARD = gnu11;
				GCC_DYNAMIC_NO_PIC = NO;
				GCC_NO_COMMON_BLOCKS = YES;
				GCC_OPTIMIZATION_LEVEL = 0;
				GCC_PREPROCESSOR_DEFINITIONS = (
					"DEBUG=1",
					"$(inherited)",
				);
				GCC_WARN_64_TO_32_BIT_CONVERSION = YES;
				GCC_WARN_ABOUT_RETURN_TYPE = YES_ERROR;
				GCC_WARN_UNDECLARED_SELECTOR = YES;
				GCC_WARN_UNINITIALIZED_AUTOS = YES_AGGRESSIVE;
				GCC_WARN_UNUSED_FUNCTION = YES;
				GCC_WARN_UNUSED_VARIABLE = YES;
				IPHONEOS_DEPLOYMENT_TARGET = 13.4;
				MTL_ENABLE_DEBUG_INFO = INCLUDE_SOURCE;
				MTL_FAST_MATH = YES;
				ONLY_ACTIVE_ARCH = YES;
				SDKROOT = iphoneos;
				SWIFT_ACTIVE_COMPILATION_CONDITIONS = DEBUG;
				SWIFT_OPTIMIZATION_LEVEL = "-Onone";
			};
			name = Debug;
		};
		461C418D2439387E00DDB467 /* Release */ = {
			isa = XCBuildConfiguration;
			buildSettings = {
				ALWAYS_SEARCH_USER_PATHS = NO;
				CLANG_ANALYZER_NONNULL = YES;
				CLANG_ANALYZER_NUMBER_OBJECT_CONVERSION = YES_AGGRESSIVE;
				CLANG_CXX_LANGUAGE_STANDARD = "gnu++14";
				CLANG_CXX_LIBRARY = "libc++";
				CLANG_ENABLE_MODULES = YES;
				CLANG_ENABLE_OBJC_ARC = YES;
				CLANG_ENABLE_OBJC_WEAK = YES;
				CLANG_WARN_BLOCK_CAPTURE_AUTORELEASING = YES;
				CLANG_WARN_BOOL_CONVERSION = YES;
				CLANG_WARN_COMMA = YES;
				CLANG_WARN_CONSTANT_CONVERSION = YES;
				CLANG_WARN_DEPRECATED_OBJC_IMPLEMENTATIONS = YES;
				CLANG_WARN_DIRECT_OBJC_ISA_USAGE = YES_ERROR;
				CLANG_WARN_DOCUMENTATION_COMMENTS = YES;
				CLANG_WARN_EMPTY_BODY = YES;
				CLANG_WARN_ENUM_CONVERSION = YES;
				CLANG_WARN_INFINITE_RECURSION = YES;
				CLANG_WARN_INT_CONVERSION = YES;
				CLANG_WARN_NON_LITERAL_NULL_CONVERSION = YES;
				CLANG_WARN_OBJC_IMPLICIT_RETAIN_SELF = YES;
				CLANG_WARN_OBJC_LITERAL_CONVERSION = YES;
				CLANG_WARN_OBJC_ROOT_CLASS = YES_ERROR;
				CLANG_WARN_RANGE_LOOP_ANALYSIS = YES;
				CLANG_WARN_STRICT_PROTOTYPES = YES;
				CLANG_WARN_SUSPICIOUS_MOVE = YES;
				CLANG_WARN_UNGUARDED_AVAILABILITY = YES_AGGRESSIVE;
				CLANG_WARN_UNREACHABLE_CODE = YES;
				CLANG_WARN__DUPLICATE_METHOD_MATCH = YES;
				COPY_PHASE_STRIP = NO;
				DEBUG_INFORMATION_FORMAT = "dwarf-with-dsym";
				ENABLE_NS_ASSERTIONS = NO;
				ENABLE_STRICT_OBJC_MSGSEND = YES;
				GCC_C_LANGUAGE_STANDARD = gnu11;
				GCC_NO_COMMON_BLOCKS = YES;
				GCC_WARN_64_TO_32_BIT_CONVERSION = YES;
				GCC_WARN_ABOUT_RETURN_TYPE = YES_ERROR;
				GCC_WARN_UNDECLARED_SELECTOR = YES;
				GCC_WARN_UNINITIALIZED_AUTOS = YES_AGGRESSIVE;
				GCC_WARN_UNUSED_FUNCTION = YES;
				GCC_WARN_UNUSED_VARIABLE = YES;
				IPHONEOS_DEPLOYMENT_TARGET = 13.4;
				MTL_ENABLE_DEBUG_INFO = NO;
				MTL_FAST_MATH = YES;
				SDKROOT = iphoneos;
				SWIFT_COMPILATION_MODE = wholemodule;
				SWIFT_OPTIMIZATION_LEVEL = "-O";
				VALIDATE_PRODUCT = YES;
			};
			name = Release;
		};
		461C418F2439387E00DDB467 /* Debug */ = {
			isa = XCBuildConfiguration;
			buildSettings = {
				ASSETCATALOG_COMPILER_APPICON_NAME = AppIcon;
				CODE_SIGN_STYLE = Automatic;
				DEVELOPMENT_TEAM = D5GPZ6WYCA;
				INFOPLIST_FILE = Meme/Info.plist;
				LD_RUNPATH_SEARCH_PATHS = (
					"$(inherited)",
					"@executable_path/Frameworks",
				);
				PRODUCT_BUNDLE_IDENTIFIER = me.nyanlintun.Meme;
				PRODUCT_NAME = "$(TARGET_NAME)";
				SWIFT_VERSION = 5.0;
				TARGETED_DEVICE_FAMILY = "1,2";
			};
			name = Debug;
		};
		461C41902439387E00DDB467 /* Release */ = {
			isa = XCBuildConfiguration;
			buildSettings = {
				ASSETCATALOG_COMPILER_APPICON_NAME = AppIcon;
				CODE_SIGN_STYLE = Automatic;
				DEVELOPMENT_TEAM = D5GPZ6WYCA;
				INFOPLIST_FILE = Meme/Info.plist;
				LD_RUNPATH_SEARCH_PATHS = (
					"$(inherited)",
					"@executable_path/Frameworks",
				);
				PRODUCT_BUNDLE_IDENTIFIER = me.nyanlintun.Meme;
				PRODUCT_NAME = "$(TARGET_NAME)";
				SWIFT_VERSION = 5.0;
				TARGETED_DEVICE_FAMILY = "1,2";
			};
			name = Release;
		};
/* End XCBuildConfiguration section */

/* Begin XCConfigurationList section */
		461C41752439387D00DDB467 /* Build configuration list for PBXProject "Meme" */ = {
			isa = XCConfigurationList;
			buildConfigurations = (
				461C418C2439387E00DDB467 /* Debug */,
				461C418D2439387E00DDB467 /* Release */,
			);
			defaultConfigurationIsVisible = 0;
			defaultConfigurationName = Release;
		};
		461C418E2439387E00DDB467 /* Build configuration list for PBXNativeTarget "Meme" */ = {
			isa = XCConfigurationList;
			buildConfigurations = (
				461C418F2439387E00DDB467 /* Debug */,
				461C41902439387E00DDB467 /* Release */,
			);
			defaultConfigurationIsVisible = 0;
			defaultConfigurationName = Release;
		};
/* End XCConfigurationList section */
	};
	rootObject = 461C41722439387D00DDB467 /* Project object */;
}
